
Microsoft Visual Studio Solution File, Format Version 12.00
# Visual Studio Version 17
VisualStudioVersion = 17.7.34031.279
MinimumVisualStudioVersion = 10.0.40219.1
Project("{FAE04EC0-301F-11D3-BF4B-00C04F79EFBC}") = "hello_world", "hello_world\hello_world.csproj", "{C8DC6353-03E0-4BE9-9E10-2EA6760E18DF}"
EndProject
Global
	GlobalSection(SolutionConfigurationPlatforms) = preSolution
		Debug|Any CPU = Debug|Any CPU
		Release|Any CPU = Release|Any CPU
	EndGlobalSection
	GlobalSection(ProjectConfigurationPlatforms) = postSolution
		{C8DC6353-03E0-4BE9-9E10-2EA6760E18DF}.Debug|Any CPU.ActiveCfg = Debug|Any CPU
		{C8DC6353-03E0-4BE9-9E10-2EA6760E18DF}.Debug|Any CPU.Build.0 = Debug|Any CPU
		{C8DC6353-03E0-4BE9-9E10-2EA6760E18DF}.Release|Any CPU.ActiveCfg = Release|Any CPU
		{C8DC6353-03E0-4BE9-9E10-2EA6760E18DF}.Release|Any CPU.Build.0 = Release|Any CPU
	EndGlobalSection
	GlobalSection(SolutionProperties) = preSolution
		HideSolutionNode = FALSE
	EndGlobalSection
	GlobalSection(ExtensibilityGlobals) = postSolution
		SolutionGuid = {EAC43E53-8CC0-4383-BBB8-AA9E7315E3E1}
	EndGlobalSection
EndGlobal
